// !$*UTF8*$!
{
	archiveVersion = 1;
	classes = {
	};
	objectVersion = 55;
	objects = {

/* Begin PBXBuildFile section */
		82D22BEA2869C20000274F60 /* BuildNetflixApp_perfectApp.swift in Sources */ = {isa = PBXBuildFile; fileRef = 82D22BE92869C20000274F60 /* BuildNetflixApp_perfectApp.swift */; };
		82D22BEC2869C20000274F60 /* ContentView.swift in Sources */ = {isa = PBXBuildFile; fileRef = 82D22BEB2869C20000274F60 /* ContentView.swift */; };
		82D22BEE2869C20100274F60 /* Assets.xcassets in Resources */ = {isa = PBXBuildFile; fileRef = 82D22BED2869C20100274F60 /* Assets.xcassets */; };
		82D22BF12869C20100274F60 /* Preview Assets.xcassets in Resources */ = {isa = PBXBuildFile; fileRef = 82D22BF02869C20100274F60 /* Preview Assets.xcassets */; };
		82D22BFB2869C20100274F60 /* BuildNetflixApp_perfectTests.swift in Sources */ = {isa = PBXBuildFile; fileRef = 82D22BFA2869C20100274F60 /* BuildNetflixApp_perfectTests.swift */; };
		82D22C052869C20100274F60 /* BuildNetflixApp_perfectUITests.swift in Sources */ = {isa = PBXBuildFile; fileRef = 82D22C042869C20100274F60 /* BuildNetflixApp_perfectUITests.swift */; };
		82D22C072869C20100274F60 /* BuildNetflixApp_perfectUITestsLaunchTests.swift in Sources */ = {isa = PBXBuildFile; fileRef = 82D22C062869C20100274F60 /* BuildNetflixApp_perfectUITestsLaunchTests.swift */; };
		82D22C142869C29A00274F60 /* GlobalHelpers.swift in Sources */ = {isa = PBXBuildFile; fileRef = 82D22C132869C29A00274F60 /* GlobalHelpers.swift */; };
		82D22C182869C31100274F60 /* GenerateMovies.swift in Sources */ = {isa = PBXBuildFile; fileRef = 82D22C172869C31100274F60 /* GenerateMovies.swift */; };
		82D22C1A2869C32E00274F60 /* Colors.swift in Sources */ = {isa = PBXBuildFile; fileRef = 82D22C192869C32E00274F60 /* Colors.swift */; };
		82D22C1C2869C35400274F60 /* ActivityIndicator.swift in Sources */ = {isa = PBXBuildFile; fileRef = 82D22C1B2869C35400274F60 /* ActivityIndicator.swift */; };
		82D22C1E2869C37B00274F60 /* ComingSoon.swift in Sources */ = {isa = PBXBuildFile; fileRef = 82D22C1D2869C37B00274F60 /* ComingSoon.swift */; };
		82D22C212869C3AD00274F60 /* ComingSoonRow.swift in Sources */ = {isa = PBXBuildFile; fileRef = 82D22C202869C3AD00274F60 /* ComingSoonRow.swift */; };
		82D22C232869C3C800274F60 /* ComingSoonVM.swift in Sources */ = {isa = PBXBuildFile; fileRef = 82D22C222869C3C800274F60 /* ComingSoonVM.swift */; };
		82D22C252869C3E400274F60 /* NotificationBar.swift in Sources */ = {isa = PBXBuildFile; fileRef = 82D22C242869C3E400274F60 /* NotificationBar.swift */; };
		82D22C272869C40900274F60 /* TrackableScrollView.swift in Sources */ = {isa = PBXBuildFile; fileRef = 82D22C262869C40900274F60 /* TrackableScrollView.swift */; };
		82D22C292869C43600274F60 /* DownloadsView.swift in Sources */ = {isa = PBXBuildFile; fileRef = 82D22C282869C43600274F60 /* DownloadsView.swift */; };
		82D22C2B2869C46000274F60 /* PlayButton.swift in Sources */ = {isa = PBXBuildFile; fileRef = 82D22C2A2869C46000274F60 /* PlayButton.swift */; };
		82D22C2E2869C48E00274F60 /* SmallVerticalButton.swift in Sources */ = {isa = PBXBuildFile; fileRef = 82D22C2D2869C48E00274F60 /* SmallVerticalButton.swift */; };
		82D22C302869C4B000274F60 /* StandardHomeMovie.swift in Sources */ = {isa = PBXBuildFile; fileRef = 82D22C2F2869C4B000274F60 /* StandardHomeMovie.swift */; };
		82D22C322869C4CA00274F60 /* TopMoviePreview.swift in Sources */ = {isa = PBXBuildFile; fileRef = 82D22C312869C4CA00274F60 /* TopMoviePreview.swift */; };
		82D22C342869C4E700274F60 /* HomeStack.swift in Sources */ = {isa = PBXBuildFile; fileRef = 82D22C332869C4E700274F60 /* HomeStack.swift */; };
		82D22C382869C51100274F60 /* HomeView.swift in Sources */ = {isa = PBXBuildFile; fileRef = 82D22C372869C51100274F60 /* HomeView.swift */; };
		82D22C3A2869C52B00274F60 /* HomeVM.swift in Sources */ = {isa = PBXBuildFile; fileRef = 82D22C392869C52B00274F60 /* HomeVM.swift */; };
		82D22C3C2869C54D00274F60 /* Episode.swift in Sources */ = {isa = PBXBuildFile; fileRef = 82D22C3B2869C54D00274F60 /* Episode.swift */; };
		82D22C3E2869C55F00274F60 /* Movie.swift in Sources */ = {isa = PBXBuildFile; fileRef = 82D22C3D2869C55F00274F60 /* Movie.swift */; };
		82D22C402869C58C00274F60 /* Trailer.swift in Sources */ = {isa = PBXBuildFile; fileRef = 82D22C3F2869C58C00274F60 /* Trailer.swift */; };
		82D22C432869C5C400274F60 /* TrailerList.swift in Sources */ = {isa = PBXBuildFile; fileRef = 82D22C422869C5C400274F60 /* TrailerList.swift */; };
		82D22C462869C5E700274F60 /* MovieDetail.swift in Sources */ = {isa = PBXBuildFile; fileRef = 82D22C452869C5E700274F60 /* MovieDetail.swift */; };
		82D22C482869C61F00274F60 /* MoreLikeThis.swift in Sources */ = {isa = PBXBuildFile; fileRef = 82D22C472869C61F00274F60 /* MoreLikeThis.swift */; };
		82D22C4A2869C63600274F60 /* EpisodesView.swift in Sources */ = {isa = PBXBuildFile; fileRef = 82D22C492869C63600274F60 /* EpisodesView.swift */; };
		82D22C4C2869C65900274F60 /* CustomTabSwitcher.swift in Sources */ = {isa = PBXBuildFile; fileRef = 82D22C4B2869C65900274F60 /* CustomTabSwitcher.swift */; };
		82D22C4E2869C68500274F60 /* MoviePreviewCell.swift in Sources */ = {isa = PBXBuildFile; fileRef = 82D22C4D2869C68500274F60 /* MoviePreviewCell.swift */; };
		82D22C512869C6AC00274F60 /* MoviePreviewRow.swift in Sources */ = {isa = PBXBuildFile; fileRef = 82D22C502869C6AC00274F60 /* MoviePreviewRow.swift */; };
		82D22C532869C6BF00274F60 /* PagerView.swift in Sources */ = {isa = PBXBuildFile; fileRef = 82D22C522869C6BF00274F60 /* PagerView.swift */; };
		82D22C552869C6D200274F60 /* PreviewList.swift in Sources */ = {isa = PBXBuildFile; fileRef = 82D22C542869C6D200274F60 /* PreviewList.swift */; };
		82D22C572869C6EC00274F60 /* PreviewView.swift in Sources */ = {isa = PBXBuildFile; fileRef = 82D22C562869C6EC00274F60 /* PreviewView.swift */; };
		82D22C592869C70700274F60 /* PreviewVM.swift in Sources */ = {isa = PBXBuildFile; fileRef = 82D22C582869C70700274F60 /* PreviewVM.swift */; };
		82D22C5B2869C72000274F60 /* TrailerPlayerView.swift in Sources */ = {isa = PBXBuildFile; fileRef = 82D22C5A2869C72000274F60 /* TrailerPlayerView.swift */; };
		82D22C5D2869C74B00274F60 /* PopularMovieView.swift in Sources */ = {isa = PBXBuildFile; fileRef = 82D22C5C2869C74B00274F60 /* PopularMovieView.swift */; };
		82D22C602869C76500274F60 /* SearchBar.swift in Sources */ = {isa = PBXBuildFile; fileRef = 82D22C5F2869C76500274F60 /* SearchBar.swift */; };
		82D22C622869C78300274F60 /* SearchResultsGrid.swift in Sources */ = {isa = PBXBuildFile; fileRef = 82D22C612869C78300274F60 /* SearchResultsGrid.swift */; };
		82D22C642869C79C00274F60 /* SearchView.swift in Sources */ = {isa = PBXBuildFile; fileRef = 82D22C632869C79C00274F60 /* SearchView.swift */; };
		82D22C662869C7B800274F60 /* SearchVM.swift in Sources */ = {isa = PBXBuildFile; fileRef = 82D22C652869C7B800274F60 /* SearchVM.swift */; };
		82D22C682869C80300274F60 /* SwiftUIVideoView.swift in Sources */ = {isa = PBXBuildFile; fileRef = 82D22C672869C80300274F60 /* SwiftUIVideoView.swift */; };
		82D22C6B2869C82E00274F60 /* VideoPreviewImage.swift in Sources */ = {isa = PBXBuildFile; fileRef = 82D22C6A2869C82E00274F60 /* VideoPreviewImage.swift */; };
		82D22C6E2869C91400274F60 /* KingfisherSwiftUI in Frameworks */ = {isa = PBXBuildFile; productRef = 82D22C6D2869C91400274F60 /* KingfisherSwiftUI */; };
		82D22C712869C92F00274F60 /* VideoPlayer in Frameworks */ = {isa = PBXBuildFile; productRef = 82D22C702869C92F00274F60 /* VideoPlayer */; };
		82D22C942869EA7100274F60 /* top.mp4 in Resources */ = {isa = PBXBuildFile; fileRef = 82D22C8D2869EA7100274F60 /* top.mp4 */; };
		82D22C9E2869EB2700274F60 /* 1.mp4 in Resources */ = {isa = PBXBuildFile; fileRef = 82D22C9A2869EB2700274F60 /* 1.mp4 */; };
		82D22C9F2869EB2700274F60 /* 3.mp4 in Resources */ = {isa = PBXBuildFile; fileRef = 82D22C9B2869EB2700274F60 /* 3.mp4 */; };
		82D22CA02869EB2700274F60 /* 2.mp4 in Resources */ = {isa = PBXBuildFile; fileRef = 82D22C9C2869EB2700274F60 /* 2.mp4 */; };
		82D22CA12869EB2700274F60 /* 4.mp4 in Resources */ = {isa = PBXBuildFile; fileRef = 82D22C9D2869EB2700274F60 /* 4.mp4 */; };
		82D22CA42869EB2E00274F60 /* 6.mp4 in Resources */ = {isa = PBXBuildFile; fileRef = 82D22CA22869EB2E00274F60 /* 6.mp4 */; };
		82D22CA52869EB2E00274F60 /* 5.mp4 in Resources */ = {isa = PBXBuildFile; fileRef = 82D22CA32869EB2E00274F60 /* 5.mp4 */; };
/* End PBXBuildFile section */

/* Begin PBXContainerItemProxy section */
		82D22BF72869C20100274F60 /* PBXContainerItemProxy */ = {
			isa = PBXContainerItemProxy;
			containerPortal = 82D22BDE2869C20000274F60 /* Project object */;
			proxyType = 1;
			remoteGlobalIDString = 82D22BE52869C20000274F60;
			remoteInfo = BuildNetflixApp_perfect;
		};
		82D22C012869C20100274F60 /* PBXContainerItemProxy */ = {
			isa = PBXContainerItemProxy;
			containerPortal = 82D22BDE2869C20000274F60 /* Project object */;
			proxyType = 1;
			remoteGlobalIDString = 82D22BE52869C20000274F60;
			remoteInfo = BuildNetflixApp_perfect;
		};
/* End PBXContainerItemProxy section */

/* Begin PBXFileReference section */
		82D22BE62869C20000274F60 /* BuildNetflixApp_perfect.app */ = {isa = PBXFileReference; explicitFileType = wrapper.application; includeInIndex = 0; path = BuildNetflixApp_perfect.app; sourceTree = BUILT_PRODUCTS_DIR; };
		82D22BE92869C20000274F60 /* BuildNetflixApp_perfectApp.swift */ = {isa = PBXFileReference; lastKnownFileType = sourcecode.swift; path = BuildNetflixApp_perfectApp.swift; sourceTree = "<group>"; };
		82D22BEB2869C20000274F60 /* ContentView.swift */ = {isa = PBXFileReference; lastKnownFileType = sourcecode.swift; path = ContentView.swift; sourceTree = "<group>"; };
		82D22BED2869C20100274F60 /* Assets.xcassets */ = {isa = PBXFileReference; lastKnownFileType = folder.assetcatalog; path = Assets.xcassets; sourceTree = "<group>"; };
		82D22BF02869C20100274F60 /* Preview Assets.xcassets */ = {isa = PBXFileReference; lastKnownFileType = folder.assetcatalog; path = "Preview Assets.xcassets"; sourceTree = "<group>"; };
		82D22BF62869C20100274F60 /* BuildNetflixApp_perfectTests.xctest */ = {isa = PBXFileReference; explicitFileType = wrapper.cfbundle; includeInIndex = 0; path = BuildNetflixApp_perfectTests.xctest; sourceTree = BUILT_PRODUCTS_DIR; };
		82D22BFA2869C20100274F60 /* BuildNetflixApp_perfectTests.swift */ = {isa = PBXFileReference; lastKnownFileType = sourcecode.swift; path = BuildNetflixApp_perfectTests.swift; sourceTree = "<group>"; };
		82D22C002869C20100274F60 /* BuildNetflixApp_perfectUITests.xctest */ = {isa = PBXFileReference; explicitFileType = wrapper.cfbundle; includeInIndex = 0; path = BuildNetflixApp_perfectUITests.xctest; sourceTree = BUILT_PRODUCTS_DIR; };
		82D22C042869C20100274F60 /* BuildNetflixApp_perfectUITests.swift */ = {isa = PBXFileReference; lastKnownFileType = sourcecode.swift; path = BuildNetflixApp_perfectUITests.swift; sourceTree = "<group>"; };
		82D22C062869C20100274F60 /* BuildNetflixApp_perfectUITestsLaunchTests.swift */ = {isa = PBXFileReference; lastKnownFileType = sourcecode.swift; path = BuildNetflixApp_perfectUITestsLaunchTests.swift; sourceTree = "<group>"; };
		82D22C132869C29A00274F60 /* GlobalHelpers.swift */ = {isa = PBXFileReference; lastKnownFileType = sourcecode.swift; path = GlobalHelpers.swift; sourceTree = "<group>"; };
		82D22C172869C31100274F60 /* GenerateMovies.swift */ = {isa = PBXFileReference; lastKnownFileType = sourcecode.swift; path = GenerateMovies.swift; sourceTree = "<group>"; };
		82D22C192869C32E00274F60 /* Colors.swift */ = {isa = PBXFileReference; lastKnownFileType = sourcecode.swift; path = Colors.swift; sourceTree = "<group>"; };
		82D22C1B2869C35400274F60 /* ActivityIndicator.swift */ = {isa = PBXFileReference; lastKnownFileType = sourcecode.swift; path = ActivityIndicator.swift; sourceTree = "<group>"; };
		82D22C1D2869C37B00274F60 /* ComingSoon.swift */ = {isa = PBXFileReference; lastKnownFileType = sourcecode.swift; path = ComingSoon.swift; sourceTree = "<group>"; };
		82D22C202869C3AD00274F60 /* ComingSoonRow.swift */ = {isa = PBXFileReference; lastKnownFileType = sourcecode.swift; path = ComingSoonRow.swift; sourceTree = "<group>"; };
		82D22C222869C3C800274F60 /* ComingSoonVM.swift */ = {isa = PBXFileReference; lastKnownFileType = sourcecode.swift; path = ComingSoonVM.swift; sourceTree = "<group>"; };
		82D22C242869C3E400274F60 /* NotificationBar.swift */ = {isa = PBXFileReference; lastKnownFileType = sourcecode.swift; path = NotificationBar.swift; sourceTree = "<group>"; };
		82D22C262869C40900274F60 /* TrackableScrollView.swift */ = {isa = PBXFileReference; lastKnownFileType = sourcecode.swift; path = TrackableScrollView.swift; sourceTree = "<group>"; };
		82D22C282869C43600274F60 /* DownloadsView.swift */ = {isa = PBXFileReference; lastKnownFileType = sourcecode.swift; path = DownloadsView.swift; sourceTree = "<group>"; };
		82D22C2A2869C46000274F60 /* PlayButton.swift */ = {isa = PBXFileReference; lastKnownFileType = sourcecode.swift; path = PlayButton.swift; sourceTree = "<group>"; };
		82D22C2D2869C48E00274F60 /* SmallVerticalButton.swift */ = {isa = PBXFileReference; lastKnownFileType = sourcecode.swift; path = SmallVerticalButton.swift; sourceTree = "<group>"; };
		82D22C2F2869C4B000274F60 /* StandardHomeMovie.swift */ = {isa = PBXFileReference; lastKnownFileType = sourcecode.swift; path = StandardHomeMovie.swift; sourceTree = "<group>"; };
		82D22C312869C4CA00274F60 /* TopMoviePreview.swift */ = {isa = PBXFileReference; lastKnownFileType = sourcecode.swift; path = TopMoviePreview.swift; sourceTree = "<group>"; };
		82D22C332869C4E700274F60 /* HomeStack.swift */ = {isa = PBXFileReference; lastKnownFileType = sourcecode.swift; path = HomeStack.swift; sourceTree = "<group>"; };
		82D22C372869C51100274F60 /* HomeView.swift */ = {isa = PBXFileReference; lastKnownFileType = sourcecode.swift; path = HomeView.swift; sourceTree = "<group>"; };
		82D22C392869C52B00274F60 /* HomeVM.swift */ = {isa = PBXFileReference; lastKnownFileType = sourcecode.swift; path = HomeVM.swift; sourceTree = "<group>"; };
		82D22C3B2869C54D00274F60 /* Episode.swift */ = {isa = PBXFileReference; lastKnownFileType = sourcecode.swift; path = Episode.swift; sourceTree = "<group>"; };
		82D22C3D2869C55F00274F60 /* Movie.swift */ = {isa = PBXFileReference; lastKnownFileType = sourcecode.swift; path = Movie.swift; sourceTree = "<group>"; };
		82D22C3F2869C58C00274F60 /* Trailer.swift */ = {isa = PBXFileReference; lastKnownFileType = sourcecode.swift; path = Trailer.swift; sourceTree = "<group>"; };
		82D22C422869C5C400274F60 /* TrailerList.swift */ = {isa = PBXFileReference; lastKnownFileType = sourcecode.swift; path = TrailerList.swift; sourceTree = "<group>"; };
		82D22C452869C5E700274F60 /* MovieDetail.swift */ = {isa = PBXFileReference; lastKnownFileType = sourcecode.swift; path = MovieDetail.swift; sourceTree = "<group>"; };
		82D22C472869C61F00274F60 /* MoreLikeThis.swift */ = {isa = PBXFileReference; lastKnownFileType = sourcecode.swift; path = MoreLikeThis.swift; sourceTree = "<group>"; };
		82D22C492869C63600274F60 /* EpisodesView.swift */ = {isa = PBXFileReference; lastKnownFileType = sourcecode.swift; path = EpisodesView.swift; sourceTree = "<group>"; };
		82D22C4B2869C65900274F60 /* CustomTabSwitcher.swift */ = {isa = PBXFileReference; lastKnownFileType = sourcecode.swift; path = CustomTabSwitcher.swift; sourceTree = "<group>"; };
		82D22C4D2869C68500274F60 /* MoviePreviewCell.swift */ = {isa = PBXFileReference; lastKnownFileType = sourcecode.swift; path = MoviePreviewCell.swift; sourceTree = "<group>"; };
		82D22C502869C6AC00274F60 /* MoviePreviewRow.swift */ = {isa = PBXFileReference; lastKnownFileType = sourcecode.swift; path = MoviePreviewRow.swift; sourceTree = "<group>"; };
		82D22C522869C6BF00274F60 /* PagerView.swift */ = {isa = PBXFileReference; lastKnownFileType = sourcecode.swift; path = PagerView.swift; sourceTree = "<group>"; };
		82D22C542869C6D200274F60 /* PreviewList.swift */ = {isa = PBXFileReference; lastKnownFileType = sourcecode.swift; path = PreviewList.swift; sourceTree = "<group>"; };
		82D22C562869C6EC00274F60 /* PreviewView.swift */ = {isa = PBXFileReference; lastKnownFileType = sourcecode.swift; path = PreviewView.swift; sourceTree = "<group>"; };
		82D22C582869C70700274F60 /* PreviewVM.swift */ = {isa = PBXFileReference; lastKnownFileType = sourcecode.swift; path = PreviewVM.swift; sourceTree = "<group>"; };
		82D22C5A2869C72000274F60 /* TrailerPlayerView.swift */ = {isa = PBXFileReference; lastKnownFileType = sourcecode.swift; path = TrailerPlayerView.swift; sourceTree = "<group>"; };
		82D22C5C2869C74B00274F60 /* PopularMovieView.swift */ = {isa = PBXFileReference; lastKnownFileType = sourcecode.swift; path = PopularMovieView.swift; sourceTree = "<group>"; };
		82D22C5F2869C76500274F60 /* SearchBar.swift */ = {isa = PBXFileReference; lastKnownFileType = sourcecode.swift; path = SearchBar.swift; sourceTree = "<group>"; };
		82D22C612869C78300274F60 /* SearchResultsGrid.swift */ = {isa = PBXFileReference; lastKnownFileType = sourcecode.swift; path = SearchResultsGrid.swift; sourceTree = "<group>"; };
		82D22C632869C79C00274F60 /* SearchView.swift */ = {isa = PBXFileReference; lastKnownFileType = sourcecode.swift; path = SearchView.swift; sourceTree = "<group>"; };
		82D22C652869C7B800274F60 /* SearchVM.swift */ = {isa = PBXFileReference; lastKnownFileType = sourcecode.swift; path = SearchVM.swift; sourceTree = "<group>"; };
		82D22C672869C80300274F60 /* SwiftUIVideoView.swift */ = {isa = PBXFileReference; lastKnownFileType = sourcecode.swift; path = SwiftUIVideoView.swift; sourceTree = "<group>"; };
		82D22C6A2869C82E00274F60 /* VideoPreviewImage.swift */ = {isa = PBXFileReference; lastKnownFileType = sourcecode.swift; path = VideoPreviewImage.swift; sourceTree = "<group>"; };
		82D22C8D2869EA7100274F60 /* top.mp4 */ = {isa = PBXFileReference; lastKnownFileType = file; name = top.mp4; path = "../動画/top.mp4"; sourceTree = "<group>"; };
		82D22C9A2869EB2700274F60 /* 1.mp4 */ = {isa = PBXFileReference; lastKnownFileType = file; name = 1.mp4; path = "../動画/1.mp4"; sourceTree = "<group>"; };
		82D22C9B2869EB2700274F60 /* 3.mp4 */ = {isa = PBXFileReference; lastKnownFileType = file; name = 3.mp4; path = "../動画/3.mp4"; sourceTree = "<group>"; };
		82D22C9C2869EB2700274F60 /* 2.mp4 */ = {isa = PBXFileReference; lastKnownFileType = file; name = 2.mp4; path = "../動画/2.mp4"; sourceTree = "<group>"; };
		82D22C9D2869EB2700274F60 /* 4.mp4 */ = {isa = PBXFileReference; lastKnownFileType = file; name = 4.mp4; path = "../動画/4.mp4"; sourceTree = "<group>"; };
		82D22CA22869EB2E00274F60 /* 6.mp4 */ = {isa = PBXFileReference; lastKnownFileType = file; name = 6.mp4; path = "../動画/6.mp4"; sourceTree = "<group>"; };
		82D22CA32869EB2E00274F60 /* 5.mp4 */ = {isa = PBXFileReference; lastKnownFileType = file; name = 5.mp4; path = "../動画/5.mp4"; sourceTree = "<group>"; };
/* End PBXFileReference section */

/* Begin PBXFrameworksBuildPhase section */
		82D22BE32869C20000274F60 /* Frameworks */ = {
			isa = PBXFrameworksBuildPhase;
			buildActionMask = 2147483647;
			files = (
				82D22C6E2869C91400274F60 /* KingfisherSwiftUI in Frameworks */,
				82D22C712869C92F00274F60 /* VideoPlayer in Frameworks */,
			);
			runOnlyForDeploymentPostprocessing = 0;
		};
		82D22BF32869C20100274F60 /* Frameworks */ = {
			isa = PBXFrameworksBuildPhase;
			buildActionMask = 2147483647;
			files = (
			);
			runOnlyForDeploymentPostprocessing = 0;
		};
		82D22BFD2869C20100274F60 /* Frameworks */ = {
			isa = PBXFrameworksBuildPhase;
			buildActionMask = 2147483647;
			files = (
			);
			runOnlyForDeploymentPostprocessing = 0;
		};
/* End PBXFrameworksBuildPhase section */

/* Begin PBXGroup section */
		82D22BDD2869C20000274F60 = {
			isa = PBXGroup;
			children = (
				82D22C9A2869EB2700274F60 /* 1.mp4 */,
				82D22C9C2869EB2700274F60 /* 2.mp4 */,
				82D22C9B2869EB2700274F60 /* 3.mp4 */,
				82D22C9D2869EB2700274F60 /* 4.mp4 */,
				82D22CA32869EB2E00274F60 /* 5.mp4 */,
				82D22CA22869EB2E00274F60 /* 6.mp4 */,
				82D22C8D2869EA7100274F60 /* top.mp4 */,
				82D22BE82869C20000274F60 /* BuildNetflixApp_perfect */,
				82D22BF92869C20100274F60 /* BuildNetflixApp_perfectTests */,
				82D22C032869C20100274F60 /* BuildNetflixApp_perfectUITests */,
				82D22BE72869C20000274F60 /* Products */,
			);
			sourceTree = "<group>";
		};
		82D22BE72869C20000274F60 /* Products */ = {
			isa = PBXGroup;
			children = (
				82D22BE62869C20000274F60 /* BuildNetflixApp_perfect.app */,
				82D22BF62869C20100274F60 /* BuildNetflixApp_perfectTests.xctest */,
				82D22C002869C20100274F60 /* BuildNetflixApp_perfectUITests.xctest */,
			);
			name = Products;
			sourceTree = "<group>";
		};
		82D22BE82869C20000274F60 /* BuildNetflixApp_perfect */ = {
			isa = PBXGroup;
			children = (
				82D22C152869C2A700274F60 /* Helpers */,
				82D22BE92869C20000274F60 /* BuildNetflixApp_perfectApp.swift */,
				82D22BEB2869C20000274F60 /* ContentView.swift */,
				82D22BED2869C20100274F60 /* Assets.xcassets */,
				82D22BEF2869C20100274F60 /* Preview Content */,
				82D22C1F2869C38400274F60 /* ComingSoon */,
				82D22C362869C4F600274F60 /* DownLoad */,
				82D22C2C2869C46400274F60 /* HelperViews */,
				82D22C352869C4EE00274F60 /* Home */,
				82D22C412869C59D00274F60 /* Model */,
				82D22C442869C5CF00274F60 /* MovieDetail */,
				82D22C4F2869C69600274F60 /* Preview */,
				82D22C5E2869C75800274F60 /* Search */,
				82D22C692869C81500274F60 /* VideoPlayer */,
			);
			path = BuildNetflixApp_perfect;
			sourceTree = "<group>";
		};
		82D22BEF2869C20100274F60 /* Preview Content */ = {
			isa = PBXGroup;
			children = (
				82D22BF02869C20100274F60 /* Preview Assets.xcassets */,
			);
			path = "Preview Content";
			sourceTree = "<group>";
		};
		82D22BF92869C20100274F60 /* BuildNetflixApp_perfectTests */ = {
			isa = PBXGroup;
			children = (
				82D22BFA2869C20100274F60 /* BuildNetflixApp_perfectTests.swift */,
			);
			path = BuildNetflixApp_perfectTests;
			sourceTree = "<group>";
		};
		82D22C032869C20100274F60 /* BuildNetflixApp_perfectUITests */ = {
			isa = PBXGroup;
			children = (
				82D22C042869C20100274F60 /* BuildNetflixApp_perfectUITests.swift */,
				82D22C062869C20100274F60 /* BuildNetflixApp_perfectUITestsLaunchTests.swift */,
			);
			path = BuildNetflixApp_perfectUITests;
			sourceTree = "<group>";
		};
		82D22C152869C2A700274F60 /* Helpers */ = {
			isa = PBXGroup;
			children = (
				82D22C132869C29A00274F60 /* GlobalHelpers.swift */,
				82D22C172869C31100274F60 /* GenerateMovies.swift */,
				82D22C192869C32E00274F60 /* Colors.swift */,
				82D22C1B2869C35400274F60 /* ActivityIndicator.swift */,
			);
			path = Helpers;
			sourceTree = "<group>";
		};
		82D22C1F2869C38400274F60 /* ComingSoon */ = {
			isa = PBXGroup;
			children = (
				82D22C1D2869C37B00274F60 /* ComingSoon.swift */,
				82D22C202869C3AD00274F60 /* ComingSoonRow.swift */,
				82D22C222869C3C800274F60 /* ComingSoonVM.swift */,
				82D22C242869C3E400274F60 /* NotificationBar.swift */,
				82D22C262869C40900274F60 /* TrackableScrollView.swift */,
			);
			path = ComingSoon;
			sourceTree = "<group>";
		};
		82D22C2C2869C46400274F60 /* HelperViews */ = {
			isa = PBXGroup;
			children = (
				82D22C2A2869C46000274F60 /* PlayButton.swift */,
				82D22C2D2869C48E00274F60 /* SmallVerticalButton.swift */,
				82D22C2F2869C4B000274F60 /* StandardHomeMovie.swift */,
				82D22C312869C4CA00274F60 /* TopMoviePreview.swift */,
			);
			path = HelperViews;
			sourceTree = "<group>";
		};
		82D22C352869C4EE00274F60 /* Home */ = {
			isa = PBXGroup;
			children = (
				82D22C332869C4E700274F60 /* HomeStack.swift */,
				82D22C372869C51100274F60 /* HomeView.swift */,
				82D22C392869C52B00274F60 /* HomeVM.swift */,
			);
			path = Home;
			sourceTree = "<group>";
		};
		82D22C362869C4F600274F60 /* DownLoad */ = {
			isa = PBXGroup;
			children = (
				82D22C282869C43600274F60 /* DownloadsView.swift */,
			);
			path = DownLoad;
			sourceTree = "<group>";
		};
		82D22C412869C59D00274F60 /* Model */ = {
			isa = PBXGroup;
			children = (
				82D22C3B2869C54D00274F60 /* Episode.swift */,
				82D22C3D2869C55F00274F60 /* Movie.swift */,
				82D22C3F2869C58C00274F60 /* Trailer.swift */,
			);
			path = Model;
			sourceTree = "<group>";
		};
		82D22C442869C5CF00274F60 /* MovieDetail */ = {
			isa = PBXGroup;
			children = (
				82D22C422869C5C400274F60 /* TrailerList.swift */,
				82D22C452869C5E700274F60 /* MovieDetail.swift */,
				82D22C472869C61F00274F60 /* MoreLikeThis.swift */,
				82D22C492869C63600274F60 /* EpisodesView.swift */,
				82D22C4B2869C65900274F60 /* CustomTabSwitcher.swift */,
			);
			path = MovieDetail;
			sourceTree = "<group>";
		};
		82D22C4F2869C69600274F60 /* Preview */ = {
			isa = PBXGroup;
			children = (
				82D22C4D2869C68500274F60 /* MoviePreviewCell.swift */,
				82D22C502869C6AC00274F60 /* MoviePreviewRow.swift */,
				82D22C522869C6BF00274F60 /* PagerView.swift */,
				82D22C542869C6D200274F60 /* PreviewList.swift */,
				82D22C562869C6EC00274F60 /* PreviewView.swift */,
				82D22C582869C70700274F60 /* PreviewVM.swift */,
				82D22C5A2869C72000274F60 /* TrailerPlayerView.swift */,
			);
			path = Preview;
			sourceTree = "<group>";
		};
		82D22C5E2869C75800274F60 /* Search */ = {
			isa = PBXGroup;
			children = (
				82D22C5C2869C74B00274F60 /* PopularMovieView.swift */,
				82D22C5F2869C76500274F60 /* SearchBar.swift */,
				82D22C612869C78300274F60 /* SearchResultsGrid.swift */,
				82D22C632869C79C00274F60 /* SearchView.swift */,
				82D22C652869C7B800274F60 /* SearchVM.swift */,
			);
			path = Search;
			sourceTree = "<group>";
		};
		82D22C692869C81500274F60 /* VideoPlayer */ = {
			isa = PBXGroup;
			children = (
				82D22C672869C80300274F60 /* SwiftUIVideoView.swift */,
				82D22C6A2869C82E00274F60 /* VideoPreviewImage.swift */,
			);
			path = VideoPlayer;
			sourceTree = "<group>";
		};
/* End PBXGroup section */

/* Begin PBXNativeTarget section */
		82D22BE52869C20000274F60 /* BuildNetflixApp_perfect */ = {
			isa = PBXNativeTarget;
			buildConfigurationList = 82D22C0A2869C20100274F60 /* Build configuration list for PBXNativeTarget "BuildNetflixApp_perfect" */;
			buildPhases = (
				82D22BE22869C20000274F60 /* Sources */,
				82D22BE32869C20000274F60 /* Frameworks */,
				82D22BE42869C20000274F60 /* Resources */,
			);
			buildRules = (
			);
			dependencies = (
			);
			name = BuildNetflixApp_perfect;
			packageProductDependencies = (
				82D22C6D2869C91400274F60 /* KingfisherSwiftUI */,
				82D22C702869C92F00274F60 /* VideoPlayer */,
			);
			productName = BuildNetflixApp_perfect;
			productReference = 82D22BE62869C20000274F60 /* BuildNetflixApp_perfect.app */;
			productType = "com.apple.product-type.application";
		};
		82D22BF52869C20100274F60 /* BuildNetflixApp_perfectTests */ = {
			isa = PBXNativeTarget;
			buildConfigurationList = 82D22C0D2869C20100274F60 /* Build configuration list for PBXNativeTarget "BuildNetflixApp_perfectTests" */;
			buildPhases = (
				82D22BF22869C20100274F60 /* Sources */,
				82D22BF32869C20100274F60 /* Frameworks */,
				82D22BF42869C20100274F60 /* Resources */,
			);
			buildRules = (
			);
			dependencies = (
				82D22BF82869C20100274F60 /* PBXTargetDependency */,
			);
			name = BuildNetflixApp_perfectTests;
			productName = BuildNetflixApp_perfectTests;
			productReference = 82D22BF62869C20100274F60 /* BuildNetflixApp_perfectTests.xctest */;
			productType = "com.apple.product-type.bundle.unit-test";
		};
		82D22BFF2869C20100274F60 /* BuildNetflixApp_perfectUITests */ = {
			isa = PBXNativeTarget;
			buildConfigurationList = 82D22C102869C20100274F60 /* Build configuration list for PBXNativeTarget "BuildNetflixApp_perfectUITests" */;
			buildPhases = (
				82D22BFC2869C20100274F60 /* Sources */,
				82D22BFD2869C20100274F60 /* Frameworks */,
				82D22BFE2869C20100274F60 /* Resources */,
			);
			buildRules = (
			);
			dependencies = (
				82D22C022869C20100274F60 /* PBXTargetDependency */,
			);
			name = BuildNetflixApp_perfectUITests;
			productName = BuildNetflixApp_perfectUITests;
			productReference = 82D22C002869C20100274F60 /* BuildNetflixApp_perfectUITests.xctest */;
			productType = "com.apple.product-type.bundle.ui-testing";
		};
/* End PBXNativeTarget section */

/* Begin PBXProject section */
		82D22BDE2869C20000274F60 /* Project object */ = {
			isa = PBXProject;
			attributes = {
				BuildIndependentTargetsInParallel = 1;
				LastSwiftUpdateCheck = 1340;
				LastUpgradeCheck = 1340;
				TargetAttributes = {
					82D22BE52869C20000274F60 = {
						CreatedOnToolsVersion = 13.4.1;
					};
					82D22BF52869C20100274F60 = {
						CreatedOnToolsVersion = 13.4.1;
						TestTargetID = 82D22BE52869C20000274F60;
					};
					82D22BFF2869C20100274F60 = {
						CreatedOnToolsVersion = 13.4.1;
						TestTargetID = 82D22BE52869C20000274F60;
					};
				};
			};
			buildConfigurationList = 82D22BE12869C20000274F60 /* Build configuration list for PBXProject "BuildNetflixApp_perfect" */;
			compatibilityVersion = "Xcode 13.0";
			developmentRegion = en;
			hasScannedForEncodings = 0;
			knownRegions = (
				en,
				Base,
			);
			mainGroup = 82D22BDD2869C20000274F60;
			packageReferences = (
				82D22C6C2869C91400274F60 /* XCRemoteSwiftPackageReference "Kingfisher" */,
				82D22C6F2869C92F00274F60 /* XCRemoteSwiftPackageReference "VideoPlayer" */,
			);
			productRefGroup = 82D22BE72869C20000274F60 /* Products */;
			projectDirPath = "";
			projectRoot = "";
			targets = (
				82D22BE52869C20000274F60 /* BuildNetflixApp_perfect */,
				82D22BF52869C20100274F60 /* BuildNetflixApp_perfectTests */,
				82D22BFF2869C20100274F60 /* BuildNetflixApp_perfectUITests */,
			);
		};
/* End PBXProject section */

/* Begin PBXResourcesBuildPhase section */
		82D22BE42869C20000274F60 /* Resources */ = {
			isa = PBXResourcesBuildPhase;
			buildActionMask = 2147483647;
			files = (
				82D22BF12869C20100274F60 /* Preview Assets.xcassets in Resources */,
				82D22BEE2869C20100274F60 /* Assets.xcassets in Resources */,
				82D22C9E2869EB2700274F60 /* 1.mp4 in Resources */,
				82D22C9F2869EB2700274F60 /* 3.mp4 in Resources */,
				82D22CA02869EB2700274F60 /* 2.mp4 in Resources */,
				82D22CA12869EB2700274F60 /* 4.mp4 in Resources */,
				82D22CA42869EB2E00274F60 /* 6.mp4 in Resources */,
				82D22CA52869EB2E00274F60 /* 5.mp4 in Resources */,
				82D22C942869EA7100274F60 /* top.mp4 in Resources */,
			);
			runOnlyForDeploymentPostprocessing = 0;
		};
		82D22BF42869C20100274F60 /* Resources */ = {
			isa = PBXResourcesBuildPhase;
			buildActionMask = 2147483647;
			files = (
			);
			runOnlyForDeploymentPostprocessing = 0;
		};
		82D22BFE2869C20100274F60 /* Resources */ = {
			isa = PBXResourcesBuildPhase;
			buildActionMask = 2147483647;
			files = (
			);
			runOnlyForDeploymentPostprocessing = 0;
		};
/* End PBXResourcesBuildPhase section */

/* Begin PBXSourcesBuildPhase section */
		82D22BE22869C20000274F60 /* Sources */ = {
			isa = PBXSourcesBuildPhase;
			buildActionMask = 2147483647;
			files = (
				82D22C1E2869C37B00274F60 /* ComingSoon.swift in Sources */,
				82D22C272869C40900274F60 /* TrackableScrollView.swift in Sources */,
				82D22C592869C70700274F60 /* PreviewVM.swift in Sources */,
				82D22C432869C5C400274F60 /* TrailerList.swift in Sources */,
				82D22C142869C29A00274F60 /* GlobalHelpers.swift in Sources */,
				82D22C622869C78300274F60 /* SearchResultsGrid.swift in Sources */,
				82D22C602869C76500274F60 /* SearchBar.swift in Sources */,
				82D22C212869C3AD00274F60 /* ComingSoonRow.swift in Sources */,
				82D22C292869C43600274F60 /* DownloadsView.swift in Sources */,
				82D22C5B2869C72000274F60 /* TrailerPlayerView.swift in Sources */,
				82D22C322869C4CA00274F60 /* TopMoviePreview.swift in Sources */,
				82D22C4E2869C68500274F60 /* MoviePreviewCell.swift in Sources */,
				82D22C1A2869C32E00274F60 /* Colors.swift in Sources */,
				82D22C572869C6EC00274F60 /* PreviewView.swift in Sources */,
				82D22C682869C80300274F60 /* SwiftUIVideoView.swift in Sources */,
				82D22C2B2869C46000274F60 /* PlayButton.swift in Sources */,
				82D22C302869C4B000274F60 /* StandardHomeMovie.swift in Sources */,
				82D22C4A2869C63600274F60 /* EpisodesView.swift in Sources */,
				82D22C382869C51100274F60 /* HomeView.swift in Sources */,
				82D22C252869C3E400274F60 /* NotificationBar.swift in Sources */,
				82D22C402869C58C00274F60 /* Trailer.swift in Sources */,
				82D22C642869C79C00274F60 /* SearchView.swift in Sources */,
				82D22C552869C6D200274F60 /* PreviewList.swift in Sources */,
				82D22C232869C3C800274F60 /* ComingSoonVM.swift in Sources */,
				82D22C182869C31100274F60 /* GenerateMovies.swift in Sources */,
				82D22C462869C5E700274F60 /* MovieDetail.swift in Sources */,
				82D22C5D2869C74B00274F60 /* PopularMovieView.swift in Sources */,
				82D22C3C2869C54D00274F60 /* Episode.swift in Sources */,
				82D22C662869C7B800274F60 /* SearchVM.swift in Sources */,
				82D22C3E2869C55F00274F60 /* Movie.swift in Sources */,
				82D22C482869C61F00274F60 /* MoreLikeThis.swift in Sources */,
				82D22BEC2869C20000274F60 /* ContentView.swift in Sources */,
				82D22C2E2869C48E00274F60 /* SmallVerticalButton.swift in Sources */,
				82D22C342869C4E700274F60 /* HomeStack.swift in Sources */,
				82D22C1C2869C35400274F60 /* ActivityIndicator.swift in Sources */,
				82D22C3A2869C52B00274F60 /* HomeVM.swift in Sources */,
				82D22BEA2869C20000274F60 /* BuildNetflixApp_perfectApp.swift in Sources */,
				82D22C512869C6AC00274F60 /* MoviePreviewRow.swift in Sources */,
				82D22C532869C6BF00274F60 /* PagerView.swift in Sources */,
				82D22C4C2869C65900274F60 /* CustomTabSwitcher.swift in Sources */,
				82D22C6B2869C82E00274F60 /* VideoPreviewImage.swift in Sources */,
			);
			runOnlyForDeploymentPostprocessing = 0;
		};
		82D22BF22869C20100274F60 /* Sources */ = {
			isa = PBXSourcesBuildPhase;
			buildActionMask = 2147483647;
			files = (
				82D22BFB2869C20100274F60 /* BuildNetflixApp_perfectTests.swift in Sources */,
			);
			runOnlyForDeploymentPostprocessing = 0;
		};
		82D22BFC2869C20100274F60 /* Sources */ = {
			isa = PBXSourcesBuildPhase;
			buildActionMask = 2147483647;
			files = (
				82D22C072869C20100274F60 /* BuildNetflixApp_perfectUITestsLaunchTests.swift in Sources */,
				82D22C052869C20100274F60 /* BuildNetflixApp_perfectUITests.swift in Sources */,
			);
			runOnlyForDeploymentPostprocessing = 0;
		};
/* End PBXSourcesBuildPhase section */

/* Begin PBXTargetDependency section */
		82D22BF82869C20100274F60 /* PBXTargetDependency */ = {
			isa = PBXTargetDependency;
			target = 82D22BE52869C20000274F60 /* BuildNetflixApp_perfect */;
			targetProxy = 82D22BF72869C20100274F60 /* PBXContainerItemProxy */;
		};
		82D22C022869C20100274F60 /* PBXTargetDependency */ = {
			isa = PBXTargetDependency;
			target = 82D22BE52869C20000274F60 /* BuildNetflixApp_perfect */;
			targetProxy = 82D22C012869C20100274F60 /* PBXContainerItemProxy */;
		};
/* End PBXTargetDependency section */

/* Begin XCBuildConfiguration section */
		82D22C082869C20100274F60 /* Debug */ = {
			isa = XCBuildConfiguration;
			buildSettings = {
				ALWAYS_SEARCH_USER_PATHS = NO;
				CLANG_ANALYZER_NONNULL = YES;
				CLANG_ANALYZER_NUMBER_OBJECT_CONVERSION = YES_AGGRESSIVE;
				CLANG_CXX_LANGUAGE_STANDARD = "gnu++17";
				CLANG_ENABLE_MODULES = YES;
				CLANG_ENABLE_OBJC_ARC = YES;
				CLANG_ENABLE_OBJC_WEAK = YES;
				CLANG_WARN_BLOCK_CAPTURE_AUTORELEASING = YES;
				CLANG_WARN_BOOL_CONVERSION = YES;
				CLANG_WARN_COMMA = YES;
				CLANG_WARN_CONSTANT_CONVERSION = YES;
				CLANG_WARN_DEPRECATED_OBJC_IMPLEMENTATIONS = YES;
				CLANG_WARN_DIRECT_OBJC_ISA_USAGE = YES_ERROR;
				CLANG_WARN_DOCUMENTATION_COMMENTS = YES;
				CLANG_WARN_EMPTY_BODY = YES;
				CLANG_WARN_ENUM_CONVERSION = YES;
				CLANG_WARN_INFINITE_RECURSION = YES;
				CLANG_WARN_INT_CONVERSION = YES;
				CLANG_WARN_NON_LITERAL_NULL_CONVERSION = YES;
				CLANG_WARN_OBJC_IMPLICIT_RETAIN_SELF = YES;
				CLANG_WARN_OBJC_LITERAL_CONVERSION = YES;
				CLANG_WARN_OBJC_ROOT_CLASS = YES_ERROR;
				CLANG_WARN_QUOTED_INCLUDE_IN_FRAMEWORK_HEADER = YES;
				CLANG_WARN_RANGE_LOOP_ANALYSIS = YES;
				CLANG_WARN_STRICT_PROTOTYPES = YES;
				CLANG_WARN_SUSPICIOUS_MOVE = YES;
				CLANG_WARN_UNGUARDED_AVAILABILITY = YES_AGGRESSIVE;
				CLANG_WARN_UNREACHABLE_CODE = YES;
				CLANG_WARN__DUPLICATE_METHOD_MATCH = YES;
				COPY_PHASE_STRIP = NO;
				DEBUG_INFORMATION_FORMAT = dwarf;
				ENABLE_STRICT_OBJC_MSGSEND = YES;
				ENABLE_TESTABILITY = YES;
				GCC_C_LANGUAGE_STANDARD = gnu11;
				GCC_DYNAMIC_NO_PIC = NO;
				GCC_NO_COMMON_BLOCKS = YES;
				GCC_OPTIMIZATION_LEVEL = 0;
				GCC_PREPROCESSOR_DEFINITIONS = (
					"DEBUG=1",
					"$(inherited)",
				);
				GCC_WARN_64_TO_32_BIT_CONVERSION = YES;
				GCC_WARN_ABOUT_RETURN_TYPE = YES_ERROR;
				GCC_WARN_UNDECLARED_SELECTOR = YES;
				GCC_WARN_UNINITIALIZED_AUTOS = YES_AGGRESSIVE;
				GCC_WARN_UNUSED_FUNCTION = YES;
				GCC_WARN_UNUSED_VARIABLE = YES;
				IPHONEOS_DEPLOYMENT_TARGET = 15.5;
				MTL_ENABLE_DEBUG_INFO = INCLUDE_SOURCE;
				MTL_FAST_MATH = YES;
				ONLY_ACTIVE_ARCH = YES;
				SDKROOT = iphoneos;
				SWIFT_ACTIVE_COMPILATION_CONDITIONS = DEBUG;
				SWIFT_OPTIMIZATION_LEVEL = "-Onone";
			};
			name = Debug;
		};
		82D22C092869C20100274F60 /* Release */ = {
			isa = XCBuildConfiguration;
			buildSettings = {
				ALWAYS_SEARCH_USER_PATHS = NO;
				CLANG_ANALYZER_NONNULL = YES;
				CLANG_ANALYZER_NUMBER_OBJECT_CONVERSION = YES_AGGRESSIVE;
				CLANG_CXX_LANGUAGE_STANDARD = "gnu++17";
				CLANG_ENABLE_MODULES = YES;
				CLANG_ENABLE_OBJC_ARC = YES;
				CLANG_ENABLE_OBJC_WEAK = YES;
				CLANG_WARN_BLOCK_CAPTURE_AUTORELEASING = YES;
				CLANG_WARN_BOOL_CONVERSION = YES;
				CLANG_WARN_COMMA = YES;
				CLANG_WARN_CONSTANT_CONVERSION = YES;
				CLANG_WARN_DEPRECATED_OBJC_IMPLEMENTATIONS = YES;
				CLANG_WARN_DIRECT_OBJC_ISA_USAGE = YES_ERROR;
				CLANG_WARN_DOCUMENTATION_COMMENTS = YES;
				CLANG_WARN_EMPTY_BODY = YES;
				CLANG_WARN_ENUM_CONVERSION = YES;
				CLANG_WARN_INFINITE_RECURSION = YES;
				CLANG_WARN_INT_CONVERSION = YES;
				CLANG_WARN_NON_LITERAL_NULL_CONVERSION = YES;
				CLANG_WARN_OBJC_IMPLICIT_RETAIN_SELF = YES;
				CLANG_WARN_OBJC_LITERAL_CONVERSION = YES;
				CLANG_WARN_OBJC_ROOT_CLASS = YES_ERROR;
				CLANG_WARN_QUOTED_INCLUDE_IN_FRAMEWORK_HEADER = YES;
				CLANG_WARN_RANGE_LOOP_ANALYSIS = YES;
				CLANG_WARN_STRICT_PROTOTYPES = YES;
				CLANG_WARN_SUSPICIOUS_MOVE = YES;
				CLANG_WARN_UNGUARDED_AVAILABILITY = YES_AGGRESSIVE;
				CLANG_WARN_UNREACHABLE_CODE = YES;
				CLANG_WARN__DUPLICATE_METHOD_MATCH = YES;
				COPY_PHASE_STRIP = NO;
				DEBUG_INFORMATION_FORMAT = "dwarf-with-dsym";
				ENABLE_NS_ASSERTIONS = NO;
				ENABLE_STRICT_OBJC_MSGSEND = YES;
				GCC_C_LANGUAGE_STANDARD = gnu11;
				GCC_NO_COMMON_BLOCKS = YES;
				GCC_WARN_64_TO_32_BIT_CONVERSION = YES;
				GCC_WARN_ABOUT_RETURN_TYPE = YES_ERROR;
				GCC_WARN_UNDECLARED_SELECTOR = YES;
				GCC_WARN_UNINITIALIZED_AUTOS = YES_AGGRESSIVE;
				GCC_WARN_UNUSED_FUNCTION = YES;
				GCC_WARN_UNUSED_VARIABLE = YES;
				IPHONEOS_DEPLOYMENT_TARGET = 15.5;
				MTL_ENABLE_DEBUG_INFO = NO;
				MTL_FAST_MATH = YES;
				SDKROOT = iphoneos;
				SWIFT_COMPILATION_MODE = wholemodule;
				SWIFT_OPTIMIZATION_LEVEL = "-O";
				VALIDATE_PRODUCT = YES;
			};
			name = Release;
		};
		82D22C0B2869C20100274F60 /* Debug */ = {
			isa = XCBuildConfiguration;
			buildSettings = {
				ASSETCATALOG_COMPILER_APPICON_NAME = AppIcon;
				ASSETCATALOG_COMPILER_GLOBAL_ACCENT_COLOR_NAME = AccentColor;
				CODE_SIGN_STYLE = Automatic;
				CURRENT_PROJECT_VERSION = 1;
				DEVELOPMENT_ASSET_PATHS = "\"BuildNetflixApp_perfect/Preview Content\"";
				DEVELOPMENT_TEAM = GQZ24SVQ96;
				ENABLE_PREVIEWS = YES;
				GENERATE_INFOPLIST_FILE = YES;
				INFOPLIST_KEY_UIApplicationSceneManifest_Generation = YES;
				INFOPLIST_KEY_UIApplicationSupportsIndirectInputEvents = YES;
				INFOPLIST_KEY_UILaunchScreen_Generation = YES;
				INFOPLIST_KEY_UISupportedInterfaceOrientations_iPad = "UIInterfaceOrientationPortrait UIInterfaceOrientationPortraitUpsideDown UIInterfaceOrientationLandscapeLeft UIInterfaceOrientationLandscapeRight";
				INFOPLIST_KEY_UISupportedInterfaceOrientations_iPhone = "UIInterfaceOrientationPortrait UIInterfaceOrientationLandscapeLeft UIInterfaceOrientationLandscapeRight";
				LD_RUNPATH_SEARCH_PATHS = (
					"$(inherited)",
					"@executable_path/Frameworks",
				);
				MARKETING_VERSION = 1.0;
				PRODUCT_BUNDLE_IDENTIFIER = "com.kazuhiroowada.BuildNetflixApp-perfect";
				PRODUCT_NAME = "$(TARGET_NAME)";
				SWIFT_EMIT_LOC_STRINGS = YES;
				SWIFT_VERSION = 5.0;
				TARGETED_DEVICE_FAMILY = "1,2";
			};
			name = Debug;
		};
		82D22C0C2869C20100274F60 /* Release */ = {
			isa = XCBuildConfiguration;
			buildSettings = {
				ASSETCATALOG_COMPILER_APPICON_NAME = AppIcon;
				ASSETCATALOG_COMPILER_GLOBAL_ACCENT_COLOR_NAME = AccentColor;
				CODE_SIGN_STYLE = Automatic;
				CURRENT_PROJECT_VERSION = 1;
				DEVELOPMENT_ASSET_PATHS = "\"BuildNetflixApp_perfect/Preview Content\"";
				DEVELOPMENT_TEAM = GQZ24SVQ96;
				ENABLE_PREVIEWS = YES;
				GENERATE_INFOPLIST_FILE = YES;
				INFOPLIST_KEY_UIApplicationSceneManifest_Generation = YES;
				INFOPLIST_KEY_UIApplicationSupportsIndirectInputEvents = YES;
				INFOPLIST_KEY_UILaunchScreen_Generation = YES;
				INFOPLIST_KEY_UISupportedInterfaceOrientations_iPad = "UIInterfaceOrientationPortrait UIInterfaceOrientationPortraitUpsideDown UIInterfaceOrientationLandscapeLeft UIInterfaceOrientationLandscapeRight";
				INFOPLIST_KEY_UISupportedInterfaceOrientations_iPhone = "UIInterfaceOrientationPortrait UIInterfaceOrientationLandscapeLeft UIInterfaceOrientationLandscapeRight";
				LD_RUNPATH_SEARCH_PATHS = (
					"$(inherited)",
					"@executable_path/Frameworks",
				);
				MARKETING_VERSION = 1.0;
				PRODUCT_BUNDLE_IDENTIFIER = "com.kazuhiroowada.BuildNetflixApp-perfect";
				PRODUCT_NAME = "$(TARGET_NAME)";
				SWIFT_EMIT_LOC_STRINGS = YES;
				SWIFT_VERSION = 5.0;
				TARGETED_DEVICE_FAMILY = "1,2";
			};
			name = Release;
		};
		82D22C0E2869C20100274F60 /* Debug */ = {
			isa = XCBuildConfiguration;
			buildSettings = {
				ALWAYS_EMBED_SWIFT_STANDARD_LIBRARIES = YES;
				BUNDLE_LOADER = "$(TEST_HOST)";
				CODE_SIGN_STYLE = Automatic;
				CURRENT_PROJECT_VERSION = 1;
				DEVELOPMENT_TEAM = GQZ24SVQ96;
				GENERATE_INFOPLIST_FILE = YES;
				IPHONEOS_DEPLOYMENT_TARGET = 15.5;
				MARKETING_VERSION = 1.0;
				PRODUCT_BUNDLE_IDENTIFIER = "com.kazuhiroowada.BuildNetflixApp-perfectTests";
				PRODUCT_NAME = "$(TARGET_NAME)";
				SWIFT_EMIT_LOC_STRINGS = NO;
				SWIFT_VERSION = 5.0;
				TARGETED_DEVICE_FAMILY = "1,2";
				TEST_HOST = "$(BUILT_PRODUCTS_DIR)/BuildNetflixApp_perfect.app/BuildNetflixApp_perfect";
			};
			name = Debug;
		};
		82D22C0F2869C20100274F60 /* Release */ = {
			isa = XCBuildConfiguration;
			buildSettings = {
				ALWAYS_EMBED_SWIFT_STANDARD_LIBRARIES = YES;
				BUNDLE_LOADER = "$(TEST_HOST)";
				CODE_SIGN_STYLE = Automatic;
				CURRENT_PROJECT_VERSION = 1;
				DEVELOPMENT_TEAM = GQZ24SVQ96;
				GENERATE_INFOPLIST_FILE = YES;
				IPHONEOS_DEPLOYMENT_TARGET = 15.5;
				MARKETING_VERSION = 1.0;
				PRODUCT_BUNDLE_IDENTIFIER = "com.kazuhiroowada.BuildNetflixApp-perfectTests";
				PRODUCT_NAME = "$(TARGET_NAME)";
				SWIFT_EMIT_LOC_STRINGS = NO;
				SWIFT_VERSION = 5.0;
				TARGETED_DEVICE_FAMILY = "1,2";
				TEST_HOST = "$(BUILT_PRODUCTS_DIR)/BuildNetflixApp_perfect.app/BuildNetflixApp_perfect";
			};
			name = Release;
		};
		82D22C112869C20100274F60 /* Debug */ = {
			isa = XCBuildConfiguration;
			buildSettings = {
				ALWAYS_EMBED_SWIFT_STANDARD_LIBRARIES = YES;
				CODE_SIGN_STYLE = Automatic;
				CURRENT_PROJECT_VERSION = 1;
				DEVELOPMENT_TEAM = GQZ24SVQ96;
				GENERATE_INFOPLIST_FILE = YES;
				MARKETING_VERSION = 1.0;
				PRODUCT_BUNDLE_IDENTIFIER = "com.kazuhiroowada.BuildNetflixApp-perfectUITests";
				PRODUCT_NAME = "$(TARGET_NAME)";
				SWIFT_EMIT_LOC_STRINGS = NO;
				SWIFT_VERSION = 5.0;
				TARGETED_DEVICE_FAMILY = "1,2";
				TEST_TARGET_NAME = BuildNetflixApp_perfect;
			};
			name = Debug;
		};
		82D22C122869C20100274F60 /* Release */ = {
			isa = XCBuildConfiguration;
			buildSettings = {
				ALWAYS_EMBED_SWIFT_STANDARD_LIBRARIES = YES;
				CODE_SIGN_STYLE = Automatic;
				CURRENT_PROJECT_VERSION = 1;
				DEVELOPMENT_TEAM = GQZ24SVQ96;
				GENERATE_INFOPLIST_FILE = YES;
				MARKETING_VERSION = 1.0;
				PRODUCT_BUNDLE_IDENTIFIER = "com.kazuhiroowada.BuildNetflixApp-perfectUITests";
				PRODUCT_NAME = "$(TARGET_NAME)";
				SWIFT_EMIT_LOC_STRINGS = NO;
				SWIFT_VERSION = 5.0;
				TARGETED_DEVICE_FAMILY = "1,2";
				TEST_TARGET_NAME = BuildNetflixApp_perfect;
			};
			name = Release;
		};
/* End XCBuildConfiguration section */

/* Begin XCConfigurationList section */
		82D22BE12869C20000274F60 /* Build configuration list for PBXProject "BuildNetflixApp_perfect" */ = {
			isa = XCConfigurationList;
			buildConfigurations = (
				82D22C082869C20100274F60 /* Debug */,
				82D22C092869C20100274F60 /* Release */,
			);
			defaultConfigurationIsVisible = 0;
			defaultConfigurationName = Release;
		};
		82D22C0A2869C20100274F60 /* Build configuration list for PBXNativeTarget "BuildNetflixApp_perfect" */ = {
			isa = XCConfigurationList;
			buildConfigurations = (
				82D22C0B2869C20100274F60 /* Debug */,
				82D22C0C2869C20100274F60 /* Release */,
			);
			defaultConfigurationIsVisible = 0;
			defaultConfigurationName = Release;
		};
		82D22C0D2869C20100274F60 /* Build configuration list for PBXNativeTarget "BuildNetflixApp_perfectTests" */ = {
			isa = XCConfigurationList;
			buildConfigurations = (
				82D22C0E2869C20100274F60 /* Debug */,
				82D22C0F2869C20100274F60 /* Release */,
			);
			defaultConfigurationIsVisible = 0;
			defaultConfigurationName = Release;
		};
		82D22C102869C20100274F60 /* Build configuration list for PBXNativeTarget "BuildNetflixApp_perfectUITests" */ = {
			isa = XCConfigurationList;
			buildConfigurations = (
				82D22C112869C20100274F60 /* Debug */,
				82D22C122869C20100274F60 /* Release */,
			);
			defaultConfigurationIsVisible = 0;
			defaultConfigurationName = Release;
		};
/* End XCConfigurationList section */

/* Begin XCRemoteSwiftPackageReference section */
		82D22C6C2869C91400274F60 /* XCRemoteSwiftPackageReference "Kingfisher" */ = {
			isa = XCRemoteSwiftPackageReference;
			repositoryURL = "https://github.com/onevcat/Kingfisher";
			requirement = {
				kind = exactVersion;
				version = 5.14.1;
			};
		};
		82D22C6F2869C92F00274F60 /* XCRemoteSwiftPackageReference "VideoPlayer" */ = {
			isa = XCRemoteSwiftPackageReference;
			repositoryURL = "https://github.com/wxxsw/VideoPlayer";
			requirement = {
				kind = exactVersion;
				version = 1.1.6;
			};
		};
/* End XCRemoteSwiftPackageReference section */

/* Begin XCSwiftPackageProductDependency section */
		82D22C6D2869C91400274F60 /* KingfisherSwiftUI */ = {
			isa = XCSwiftPackageProductDependency;
			package = 82D22C6C2869C91400274F60 /* XCRemoteSwiftPackageReference "Kingfisher" */;
			productName = KingfisherSwiftUI;
		};
		82D22C702869C92F00274F60 /* VideoPlayer */ = {
			isa = XCSwiftPackageProductDependency;
			package = 82D22C6F2869C92F00274F60 /* XCRemoteSwiftPackageReference "VideoPlayer" */;
			productName = VideoPlayer;
		};
/* End XCSwiftPackageProductDependency section */
	};
	rootObject = 82D22BDE2869C20000274F60 /* Project object */;
}
